
Microsoft Visual Studio Solution File, Format Version 12.00
# Visual Studio 2013
VisualStudioVersion = 12.0.31101.0
MinimumVisualStudioVersion = 10.0.40219.1
Project("{FAE04EC0-301F-11D3-BF4B-00C04F79EFBC}") = "SECUDEVCase1", "SECUDEVCase1\SECUDEVCase1.csproj", "{CC45CC87-ABA8-41C1-8952-742CC934835F}"
EndProject
Global
	GlobalSection(SolutionConfigurationPlatforms) = preSolution
		Debug|Any CPU = Debug|Any CPU
		Release|Any CPU = Release|Any CPU
	EndGlobalSection
	GlobalSection(ProjectConfigurationPlatforms) = postSolution
		{CC45CC87-ABA8-41C1-8952-742CC934835F}.Debug|Any CPU.ActiveCfg = Debug|Any CPU
		{CC45CC87-ABA8-41C1-8952-742CC934835F}.Debug|Any CPU.Build.0 = Debug|Any CPU
		{CC45CC87-ABA8-41C1-8952-742CC934835F}.Release|Any CPU.ActiveCfg = Release|Any CPU
		{CC45CC87-ABA8-41C1-8952-742CC934835F}.Release|Any CPU.Build.0 = Release|Any CPU
	EndGlobalSection
	GlobalSection(SolutionProperties) = preSolution
		HideSolutionNode = FALSE
	EndGlobalSection
EndGlobal
